// !$*UTF8*$!
{
	archiveVersion = 1;
	classes = {
	};
	objectVersion = 46;
	objects = {

/* Begin PBXBuildFile section */
		681FCFD71A1C191400669673 /* MainMenu@2x.png in Resources */ = {isa = PBXBuildFile; fileRef = 681FCFD61A1C191400669673 /* MainMenu@2x.png */; };
		681FCFDB1A1C192100669673 /* MainMenu-Credits@2x.png in Resources */ = {isa = PBXBuildFile; fileRef = 681FCFD81A1C192100669673 /* MainMenu-Credits@2x.png */; };
		681FCFDC1A1C192100669673 /* MainMenu-Instructions@2x.png in Resources */ = {isa = PBXBuildFile; fileRef = 681FCFD91A1C192100669673 /* MainMenu-Instructions@2x.png */; };
		681FCFDD1A1C192100669673 /* MainMenu-Play@2x.png in Resources */ = {isa = PBXBuildFile; fileRef = 681FCFDA1A1C192100669673 /* MainMenu-Play@2x.png */; };
		681FCFDF1A1C193800669673 /* Credits@2x.png in Resources */ = {isa = PBXBuildFile; fileRef = 681FCFDE1A1C193800669673 /* Credits@2x.png */; };
		681FCFE11A1C194100669673 /* Credits_Button@2x.png in Resources */ = {isa = PBXBuildFile; fileRef = 681FCFE01A1C194100669673 /* Credits_Button@2x.png */; };
		681FCFE41A1C198A00669673 /* MainMenuScene.m in Sources */ = {isa = PBXBuildFile; fileRef = 681FCFE31A1C198A00669673 /* MainMenuScene.m */; };
		681FCFE71A1C47B900669673 /* CreditsScene.m in Sources */ = {isa = PBXBuildFile; fileRef = 681FCFE61A1C47B900669673 /* CreditsScene.m */; };
		681FCFEA1A1C4D5200669673 /* InstructionsScene.m in Sources */ = {isa = PBXBuildFile; fileRef = 681FCFE91A1C4D5200669673 /* InstructionsScene.m */; };
		681FCFED1A1C4DB500669673 /* Instructions@2x.png in Resources */ = {isa = PBXBuildFile; fileRef = 681FCFEC1A1C4DB500669673 /* Instructions@2x.png */; };
		688683861A12B83900F8EC63 /* GameGraphics.atlas in Resources */ = {isa = PBXBuildFile; fileRef = 688683851A12B83900F8EC63 /* GameGraphics.atlas */; };
		6889B7311A14259B006C2A4A /* GameOverScene.m in Sources */ = {isa = PBXBuildFile; fileRef = 6889B7301A14259B006C2A4A /* GameOverScene.m */; };
		68A33EFD1A017C0800E60014 /* fishWhack.mp3 in Resources */ = {isa = PBXBuildFile; fileRef = 68A33EFC1A017C0800E60014 /* fishWhack.mp3 */; };
		68A33F021A017D6D00E60014 /* Seaweed.m in Sources */ = {isa = PBXBuildFile; fileRef = 68A33F011A017D6D00E60014 /* Seaweed.m */; };
		68A33F051A017F9700E60014 /* EnemyJellyFish.m in Sources */ = {isa = PBXBuildFile; fileRef = 68A33F041A017F9700E60014 /* EnemyJellyFish.m */; };
		68ADFDF21A1AF741000678A7 /* SplashScreen.png in Resources */ = {isa = PBXBuildFile; fileRef = 68ADFDF11A1AF741000678A7 /* SplashScreen.png */; };
		68FFCF431A01695D00C894F4 /* main.m in Sources */ = {isa = PBXBuildFile; fileRef = 68FFCF421A01695D00C894F4 /* main.m */; };
		68FFCF461A01695D00C894F4 /* AppDelegate.m in Sources */ = {isa = PBXBuildFile; fileRef = 68FFCF451A01695D00C894F4 /* AppDelegate.m */; };
		68FFCF491A01695D00C894F4 /* GameScene.m in Sources */ = {isa = PBXBuildFile; fileRef = 68FFCF481A01695D00C894F4 /* GameScene.m */; };
		68FFCF4E1A01695D00C894F4 /* GameViewController.m in Sources */ = {isa = PBXBuildFile; fileRef = 68FFCF4D1A01695D00C894F4 /* GameViewController.m */; };
		68FFCF511A01695D00C894F4 /* Main.storyboard in Resources */ = {isa = PBXBuildFile; fileRef = 68FFCF4F1A01695D00C894F4 /* Main.storyboard */; };
		68FFCF531A01695D00C894F4 /* Images.xcassets in Resources */ = {isa = PBXBuildFile; fileRef = 68FFCF521A01695D00C894F4 /* Images.xcassets */; };
		68FFCF561A01695D00C894F4 /* LaunchScreen.xib in Resources */ = {isa = PBXBuildFile; fileRef = 68FFCF541A01695D00C894F4 /* LaunchScreen.xib */; };
		68FFCF621A01695D00C894F4 /* Swimmy_FishTests.m in Sources */ = {isa = PBXBuildFile; fileRef = 68FFCF611A01695D00C894F4 /* Swimmy_FishTests.m */; };
		68FFCF701A016DCF00C894F4 /* CharacterMain.m in Sources */ = {isa = PBXBuildFile; fileRef = 68FFCF6F1A016DCF00C894F4 /* CharacterMain.m */; };
		68FFCF741A0171D100C894F4 /* swim.mp3 in Resources */ = {isa = PBXBuildFile; fileRef = 68FFCF731A0171D100C894F4 /* swim.mp3 */; };
/* End PBXBuildFile section */

/* Begin PBXContainerItemProxy section */
		68FFCF5C1A01695D00C894F4 /* PBXContainerItemProxy */ = {
			isa = PBXContainerItemProxy;
			containerPortal = 68FFCF351A01695D00C894F4 /* Project object */;
			proxyType = 1;
			remoteGlobalIDString = 68FFCF3C1A01695D00C894F4;
			remoteInfo = "Swimmy Fish";
		};
/* End PBXContainerItemProxy section */

/* Begin PBXFileReference section */
		681FCFD61A1C191400669673 /* MainMenu@2x.png */ = {isa = PBXFileReference; lastKnownFileType = image.png; path = "MainMenu@2x.png"; sourceTree = "<group>"; };
		681FCFD81A1C192100669673 /* MainMenu-Credits@2x.png */ = {isa = PBXFileReference; lastKnownFileType = image.png; path = "MainMenu-Credits@2x.png"; sourceTree = "<group>"; };
		681FCFD91A1C192100669673 /* MainMenu-Instructions@2x.png */ = {isa = PBXFileReference; lastKnownFileType = image.png; path = "MainMenu-Instructions@2x.png"; sourceTree = "<group>"; };
		681FCFDA1A1C192100669673 /* MainMenu-Play@2x.png */ = {isa = PBXFileReference; lastKnownFileType = image.png; path = "MainMenu-Play@2x.png"; sourceTree = "<group>"; };
		681FCFDE1A1C193800669673 /* Credits@2x.png */ = {isa = PBXFileReference; lastKnownFileType = image.png; path = "Credits@2x.png"; sourceTree = "<group>"; };
		681FCFE01A1C194100669673 /* Credits_Button@2x.png */ = {isa = PBXFileReference; lastKnownFileType = image.png; path = "Credits_Button@2x.png"; sourceTree = "<group>"; };
		681FCFE21A1C198A00669673 /* MainMenuScene.h */ = {isa = PBXFileReference; fileEncoding = 4; lastKnownFileType = sourcecode.c.h; path = MainMenuScene.h; sourceTree = "<group>"; };
		681FCFE31A1C198A00669673 /* MainMenuScene.m */ = {isa = PBXFileReference; fileEncoding = 4; lastKnownFileType = sourcecode.c.objc; path = MainMenuScene.m; sourceTree = "<group>"; };
		681FCFE51A1C47B900669673 /* CreditsScene.h */ = {isa = PBXFileReference; fileEncoding = 4; lastKnownFileType = sourcecode.c.h; path = CreditsScene.h; sourceTree = "<group>"; };
		681FCFE61A1C47B900669673 /* CreditsScene.m */ = {isa = PBXFileReference; fileEncoding = 4; lastKnownFileType = sourcecode.c.objc; path = CreditsScene.m; sourceTree = "<group>"; };
		681FCFE81A1C4D5200669673 /* InstructionsScene.h */ = {isa = PBXFileReference; fileEncoding = 4; lastKnownFileType = sourcecode.c.h; path = InstructionsScene.h; sourceTree = "<group>"; };
		681FCFE91A1C4D5200669673 /* InstructionsScene.m */ = {isa = PBXFileReference; fileEncoding = 4; lastKnownFileType = sourcecode.c.objc; path = InstructionsScene.m; sourceTree = "<group>"; };
		681FCFEC1A1C4DB500669673 /* Instructions@2x.png */ = {isa = PBXFileReference; lastKnownFileType = image.png; path = "Instructions@2x.png"; sourceTree = "<group>"; };
		688683851A12B83900F8EC63 /* GameGraphics.atlas */ = {isa = PBXFileReference; lastKnownFileType = folder.skatlas; path = GameGraphics.atlas; sourceTree = "<group>"; };
		6889B72F1A14259B006C2A4A /* GameOverScene.h */ = {isa = PBXFileReference; fileEncoding = 4; lastKnownFileType = sourcecode.c.h; path = GameOverScene.h; sourceTree = "<group>"; };
		6889B7301A14259B006C2A4A /* GameOverScene.m */ = {isa = PBXFileReference; fileEncoding = 4; lastKnownFileType = sourcecode.c.objc; path = GameOverScene.m; sourceTree = "<group>"; };
		68A33EFC1A017C0800E60014 /* fishWhack.mp3 */ = {isa = PBXFileReference; lastKnownFileType = audio.mp3; path = fishWhack.mp3; sourceTree = "<group>"; };
		68A33F001A017D6D00E60014 /* Seaweed.h */ = {isa = PBXFileReference; fileEncoding = 4; lastKnownFileType = sourcecode.c.h; path = Seaweed.h; sourceTree = "<group>"; };
		68A33F011A017D6D00E60014 /* Seaweed.m */ = {isa = PBXFileReference; fileEncoding = 4; lastKnownFileType = sourcecode.c.objc; path = Seaweed.m; sourceTree = "<group>"; };
		68A33F031A017F9700E60014 /* EnemyJellyFish.h */ = {isa = PBXFileReference; fileEncoding = 4; lastKnownFileType = sourcecode.c.h; path = EnemyJellyFish.h; sourceTree = "<group>"; };
		68A33F041A017F9700E60014 /* EnemyJellyFish.m */ = {isa = PBXFileReference; fileEncoding = 4; lastKnownFileType = sourcecode.c.objc; path = EnemyJellyFish.m; sourceTree = "<group>"; };
		68ADFDF11A1AF741000678A7 /* SplashScreen.png */ = {isa = PBXFileReference; lastKnownFileType = image.png; path = SplashScreen.png; sourceTree = "<group>"; };
		68FFCF3D1A01695D00C894F4 /* Swimmy Fish.app */ = {isa = PBXFileReference; explicitFileType = wrapper.application; includeInIndex = 0; path = "Swimmy Fish.app"; sourceTree = BUILT_PRODUCTS_DIR; };
		68FFCF411A01695D00C894F4 /* Info.plist */ = {isa = PBXFileReference; lastKnownFileType = text.plist.xml; path = Info.plist; sourceTree = "<group>"; };
		68FFCF421A01695D00C894F4 /* main.m */ = {isa = PBXFileReference; lastKnownFileType = sourcecode.c.objc; path = main.m; sourceTree = "<group>"; };
		68FFCF441A01695D00C894F4 /* AppDelegate.h */ = {isa = PBXFileReference; lastKnownFileType = sourcecode.c.h; path = AppDelegate.h; sourceTree = "<group>"; };
		68FFCF451A01695D00C894F4 /* AppDelegate.m */ = {isa = PBXFileReference; lastKnownFileType = sourcecode.c.objc; path = AppDelegate.m; sourceTree = "<group>"; };
		68FFCF471A01695D00C894F4 /* GameScene.h */ = {isa = PBXFileReference; lastKnownFileType = sourcecode.c.h; path = GameScene.h; sourceTree = "<group>"; };
		68FFCF481A01695D00C894F4 /* GameScene.m */ = {isa = PBXFileReference; lastKnownFileType = sourcecode.c.objc; path = GameScene.m; sourceTree = "<group>"; };
		68FFCF4C1A01695D00C894F4 /* GameViewController.h */ = {isa = PBXFileReference; lastKnownFileType = sourcecode.c.h; path = GameViewController.h; sourceTree = "<group>"; };
		68FFCF4D1A01695D00C894F4 /* GameViewController.m */ = {isa = PBXFileReference; lastKnownFileType = sourcecode.c.objc; path = GameViewController.m; sourceTree = "<group>"; };
		68FFCF501A01695D00C894F4 /* Base */ = {isa = PBXFileReference; lastKnownFileType = file.storyboard; name = Base; path = Base.lproj/Main.storyboard; sourceTree = "<group>"; };
		68FFCF521A01695D00C894F4 /* Images.xcassets */ = {isa = PBXFileReference; lastKnownFileType = folder.assetcatalog; path = Images.xcassets; sourceTree = "<group>"; };
		68FFCF551A01695D00C894F4 /* Base */ = {isa = PBXFileReference; lastKnownFileType = file.xib; name = Base; path = Base.lproj/LaunchScreen.xib; sourceTree = "<group>"; };
		68FFCF5B1A01695D00C894F4 /* Swimmy FishTests.xctest */ = {isa = PBXFileReference; explicitFileType = wrapper.cfbundle; includeInIndex = 0; path = "Swimmy FishTests.xctest"; sourceTree = BUILT_PRODUCTS_DIR; };
		68FFCF601A01695D00C894F4 /* Info.plist */ = {isa = PBXFileReference; lastKnownFileType = text.plist.xml; path = Info.plist; sourceTree = "<group>"; };
		68FFCF611A01695D00C894F4 /* Swimmy_FishTests.m */ = {isa = PBXFileReference; lastKnownFileType = sourcecode.c.objc; path = Swimmy_FishTests.m; sourceTree = "<group>"; };
		68FFCF6E1A016DCF00C894F4 /* CharacterMain.h */ = {isa = PBXFileReference; fileEncoding = 4; lastKnownFileType = sourcecode.c.h; name = CharacterMain.h; path = ../CharacterMain.h; sourceTree = "<group>"; };
		68FFCF6F1A016DCF00C894F4 /* CharacterMain.m */ = {isa = PBXFileReference; fileEncoding = 4; lastKnownFileType = sourcecode.c.objc; name = CharacterMain.m; path = ../CharacterMain.m; sourceTree = "<group>"; };
		68FFCF731A0171D100C894F4 /* swim.mp3 */ = {isa = PBXFileReference; lastKnownFileType = audio.mp3; name = swim.mp3; path = ../swim.mp3; sourceTree = "<group>"; };
/* End PBXFileReference section */

/* Begin PBXFrameworksBuildPhase section */
		68FFCF3A1A01695D00C894F4 /* Frameworks */ = {
			isa = PBXFrameworksBuildPhase;
			buildActionMask = 2147483647;
			files = (
			);
			runOnlyForDeploymentPostprocessing = 0;
		};
		68FFCF581A01695D00C894F4 /* Frameworks */ = {
			isa = PBXFrameworksBuildPhase;
			buildActionMask = 2147483647;
			files = (
			);
			runOnlyForDeploymentPostprocessing = 0;
		};
/* End PBXFrameworksBuildPhase section */

/* Begin PBXGroup section */
		681FCFEB1A1C4DA000669673 /* Instructions */ = {
			isa = PBXGroup;
			children = (
				681FCFEC1A1C4DB500669673 /* Instructions@2x.png */,
			);
			name = Instructions;
			sourceTree = "<group>";
		};
		68A33F061A01AF9F00E60014 /* SFX */ = {
			isa = PBXGroup;
			children = (
				68FFCF731A0171D100C894F4 /* swim.mp3 */,
				68A33EFC1A017C0800E60014 /* fishWhack.mp3 */,
			);
			name = SFX;
			sourceTree = "<group>";
		};
		68A33F071A01AFB800E60014 /* Character Class */ = {
			isa = PBXGroup;
			children = (
				68A33F001A017D6D00E60014 /* Seaweed.h */,
				68A33F011A017D6D00E60014 /* Seaweed.m */,
				68A33F031A017F9700E60014 /* EnemyJellyFish.h */,
				68A33F041A017F9700E60014 /* EnemyJellyFish.m */,
				68FFCF6E1A016DCF00C894F4 /* CharacterMain.h */,
				68FFCF6F1A016DCF00C894F4 /* CharacterMain.m */,
			);
			name = "Character Class";
			sourceTree = "<group>";
		};
		68A33F081A01B00000E60014 /* Game Scenes */ = {
			isa = PBXGroup;
			children = (
				68FFCF471A01695D00C894F4 /* GameScene.h */,
				68FFCF481A01695D00C894F4 /* GameScene.m */,
				6889B72F1A14259B006C2A4A /* GameOverScene.h */,
				6889B7301A14259B006C2A4A /* GameOverScene.m */,
				681FCFE21A1C198A00669673 /* MainMenuScene.h */,
				681FCFE31A1C198A00669673 /* MainMenuScene.m */,
				681FCFE51A1C47B900669673 /* CreditsScene.h */,
				681FCFE61A1C47B900669673 /* CreditsScene.m */,
				681FCFE81A1C4D5200669673 /* InstructionsScene.h */,
				681FCFE91A1C4D5200669673 /* InstructionsScene.m */,
			);
			name = "Game Scenes";
			sourceTree = "<group>";
		};
		68ADFDF31A1AF747000678A7 /* MenuGraphics */ = {
			isa = PBXGroup;
			children = (
				681FCFEB1A1C4DA000669673 /* Instructions */,
				68ADFDF61A1AF809000678A7 /* Main Menu */,
				68ADFDF51A1AF7FC000678A7 /* Credits */,
				68ADFDF41A1AF7E7000678A7 /* Splash Screen */,
			);
			name = MenuGraphics;
			sourceTree = "<group>";
		};
		68ADFDF41A1AF7E7000678A7 /* Splash Screen */ = {
			isa = PBXGroup;
			children = (
				68ADFDF11A1AF741000678A7 /* SplashScreen.png */,
			);
			name = "Splash Screen";
			sourceTree = "<group>";
		};
		68ADFDF51A1AF7FC000678A7 /* Credits */ = {
			isa = PBXGroup;
			children = (
				681FCFE01A1C194100669673 /* Credits_Button@2x.png */,
				681FCFDE1A1C193800669673 /* Credits@2x.png */,
			);
			name = Credits;
			sourceTree = "<group>";
		};
		68ADFDF61A1AF809000678A7 /* Main Menu */ = {
			isa = PBXGroup;
			children = (
				681FCFD81A1C192100669673 /* MainMenu-Credits@2x.png */,
				681FCFD91A1C192100669673 /* MainMenu-Instructions@2x.png */,
				681FCFDA1A1C192100669673 /* MainMenu-Play@2x.png */,
				681FCFD61A1C191400669673 /* MainMenu@2x.png */,
			);
			name = "Main Menu";
			sourceTree = "<group>";
		};
		68FFCF341A01695D00C894F4 = {
			isa = PBXGroup;
			children = (
				68FFCF3F1A01695D00C894F4 /* Swimmy Fish */,
				68FFCF5E1A01695D00C894F4 /* Swimmy FishTests */,
				68FFCF3E1A01695D00C894F4 /* Products */,
			);
			sourceTree = "<group>";
		};
		68FFCF3E1A01695D00C894F4 /* Products */ = {
			isa = PBXGroup;
			children = (
				68FFCF3D1A01695D00C894F4 /* Swimmy Fish.app */,
				68FFCF5B1A01695D00C894F4 /* Swimmy FishTests.xctest */,
			);
			name = Products;
			sourceTree = "<group>";
		};
		68FFCF3F1A01695D00C894F4 /* Swimmy Fish */ = {
			isa = PBXGroup;
			children = (
				68ADFDF31A1AF747000678A7 /* MenuGraphics */,
				688683851A12B83900F8EC63 /* GameGraphics.atlas */,
				68FFCF441A01695D00C894F4 /* AppDelegate.h */,
				68FFCF451A01695D00C894F4 /* AppDelegate.m */,
				68FFCF4C1A01695D00C894F4 /* GameViewController.h */,
				68FFCF4D1A01695D00C894F4 /* GameViewController.m */,
				68A33F081A01B00000E60014 /* Game Scenes */,
				68A33F071A01AFB800E60014 /* Character Class */,
				68FFCF521A01695D00C894F4 /* Images.xcassets */,
				68A33F061A01AF9F00E60014 /* SFX */,
				68FFCF4F1A01695D00C894F4 /* Main.storyboard */,
				68FFCF541A01695D00C894F4 /* LaunchScreen.xib */,
				68FFCF401A01695D00C894F4 /* Supporting Files */,
			);
			path = "Swimmy Fish";
			sourceTree = "<group>";
		};
		68FFCF401A01695D00C894F4 /* Supporting Files */ = {
			isa = PBXGroup;
			children = (
				68FFCF411A01695D00C894F4 /* Info.plist */,
				68FFCF421A01695D00C894F4 /* main.m */,
			);
			name = "Supporting Files";
			sourceTree = "<group>";
		};
		68FFCF5E1A01695D00C894F4 /* Swimmy FishTests */ = {
			isa = PBXGroup;
			children = (
				68FFCF611A01695D00C894F4 /* Swimmy_FishTests.m */,
				68FFCF5F1A01695D00C894F4 /* Supporting Files */,
			);
			path = "Swimmy FishTests";
			sourceTree = "<group>";
		};
		68FFCF5F1A01695D00C894F4 /* Supporting Files */ = {
			isa = PBXGroup;
			children = (
				68FFCF601A01695D00C894F4 /* Info.plist */,
			);
			name = "Supporting Files";
			sourceTree = "<group>";
		};
/* End PBXGroup section */

/* Begin PBXNativeTarget section */
		68FFCF3C1A01695D00C894F4 /* Swimmy Fish */ = {
			isa = PBXNativeTarget;
			buildConfigurationList = 68FFCF651A01695E00C894F4 /* Build configuration list for PBXNativeTarget "Swimmy Fish" */;
			buildPhases = (
				68FFCF391A01695D00C894F4 /* Sources */,
				68FFCF3A1A01695D00C894F4 /* Frameworks */,
				68FFCF3B1A01695D00C894F4 /* Resources */,
			);
			buildRules = (
			);
			dependencies = (
			);
			name = "Swimmy Fish";
			productName = "Swimmy Fish";
			productReference = 68FFCF3D1A01695D00C894F4 /* Swimmy Fish.app */;
			productType = "com.apple.product-type.application";
		};
		68FFCF5A1A01695D00C894F4 /* Swimmy FishTests */ = {
			isa = PBXNativeTarget;
			buildConfigurationList = 68FFCF681A01695E00C894F4 /* Build configuration list for PBXNativeTarget "Swimmy FishTests" */;
			buildPhases = (
				68FFCF571A01695D00C894F4 /* Sources */,
				68FFCF581A01695D00C894F4 /* Frameworks */,
				68FFCF591A01695D00C894F4 /* Resources */,
			);
			buildRules = (
			);
			dependencies = (
				68FFCF5D1A01695D00C894F4 /* PBXTargetDependency */,
			);
			name = "Swimmy FishTests";
			productName = "Swimmy FishTests";
			productReference = 68FFCF5B1A01695D00C894F4 /* Swimmy FishTests.xctest */;
			productType = "com.apple.product-type.bundle.unit-test";
		};
/* End PBXNativeTarget section */

/* Begin PBXProject section */
		68FFCF351A01695D00C894F4 /* Project object */ = {
			isa = PBXProject;
			attributes = {
				LastUpgradeCheck = 0610;
				ORGANIZATIONNAME = "Ryan Wahle";
				TargetAttributes = {
					68FFCF3C1A01695D00C894F4 = {
						CreatedOnToolsVersion = 6.1;
						DevelopmentTeam = BZPDEM3ES7;
					};
					68FFCF5A1A01695D00C894F4 = {
						CreatedOnToolsVersion = 6.1;
						TestTargetID = 68FFCF3C1A01695D00C894F4;
					};
				};
			};
			buildConfigurationList = 68FFCF381A01695D00C894F4 /* Build configuration list for PBXProject "Swimmy Fish" */;
			compatibilityVersion = "Xcode 3.2";
			developmentRegion = English;
			hasScannedForEncodings = 0;
			knownRegions = (
				en,
				Base,
			);
			mainGroup = 68FFCF341A01695D00C894F4;
			productRefGroup = 68FFCF3E1A01695D00C894F4 /* Products */;
			projectDirPath = "";
			projectRoot = "";
			targets = (
				68FFCF3C1A01695D00C894F4 /* Swimmy Fish */,
				68FFCF5A1A01695D00C894F4 /* Swimmy FishTests */,
			);
		};
/* End PBXProject section */

/* Begin PBXResourcesBuildPhase section */
		68FFCF3B1A01695D00C894F4 /* Resources */ = {
			isa = PBXResourcesBuildPhase;
			buildActionMask = 2147483647;
			files = (
				681FCFDC1A1C192100669673 /* MainMenu-Instructions@2x.png in Resources */,
				68A33EFD1A017C0800E60014 /* fishWhack.mp3 in Resources */,
				681FCFD71A1C191400669673 /* MainMenu@2x.png in Resources */,
				68ADFDF21A1AF741000678A7 /* SplashScreen.png in Resources */,
				681FCFDF1A1C193800669673 /* Credits@2x.png in Resources */,
				681FCFDD1A1C192100669673 /* MainMenu-Play@2x.png in Resources */,
				681FCFDB1A1C192100669673 /* MainMenu-Credits@2x.png in Resources */,
				68FFCF561A01695D00C894F4 /* LaunchScreen.xib in Resources */,
				68FFCF531A01695D00C894F4 /* Images.xcassets in Resources */,
				68FFCF741A0171D100C894F4 /* swim.mp3 in Resources */,
				688683861A12B83900F8EC63 /* GameGraphics.atlas in Resources */,
				681FCFE11A1C194100669673 /* Credits_Button@2x.png in Resources */,
				681FCFED1A1C4DB500669673 /* Instructions@2x.png in Resources */,
				68FFCF511A01695D00C894F4 /* Main.storyboard in Resources */,
			);
			runOnlyForDeploymentPostprocessing = 0;
		};
		68FFCF591A01695D00C894F4 /* Resources */ = {
			isa = PBXResourcesBuildPhase;
			buildActionMask = 2147483647;
			files = (
			);
			runOnlyForDeploymentPostprocessing = 0;
		};
/* End PBXResourcesBuildPhase section */

/* Begin PBXSourcesBuildPhase section */
		68FFCF391A01695D00C894F4 /* Sources */ = {
			isa = PBXSourcesBuildPhase;
			buildActionMask = 2147483647;
			files = (
				68A33F051A017F9700E60014 /* EnemyJellyFish.m in Sources */,
				68FFCF4E1A01695D00C894F4 /* GameViewController.m in Sources */,
				68FFCF461A01695D00C894F4 /* AppDelegate.m in Sources */,
				6889B7311A14259B006C2A4A /* GameOverScene.m in Sources */,
				681FCFEA1A1C4D5200669673 /* InstructionsScene.m in Sources */,
				68A33F021A017D6D00E60014 /* Seaweed.m in Sources */,
				68FFCF491A01695D00C894F4 /* GameScene.m in Sources */,
				68FFCF431A01695D00C894F4 /* main.m in Sources */,
				681FCFE71A1C47B900669673 /* CreditsScene.m in Sources */,
				68FFCF701A016DCF00C894F4 /* CharacterMain.m in Sources */,
				681FCFE41A1C198A00669673 /* MainMenuScene.m in Sources */,
			);
			runOnlyForDeploymentPostprocessing = 0;
		};
		68FFCF571A01695D00C894F4 /* Sources */ = {
			isa = PBXSourcesBuildPhase;
			buildActionMask = 2147483647;
			files = (
				68FFCF621A01695D00C894F4 /* Swimmy_FishTests.m in Sources */,
			);
			runOnlyForDeploymentPostprocessing = 0;
		};
/* End PBXSourcesBuildPhase section */

/* Begin PBXTargetDependency section */
		68FFCF5D1A01695D00C894F4 /* PBXTargetDependency */ = {
			isa = PBXTargetDependency;
			target = 68FFCF3C1A01695D00C894F4 /* Swimmy Fish */;
			targetProxy = 68FFCF5C1A01695D00C894F4 /* PBXContainerItemProxy */;
		};
/* End PBXTargetDependency section */

/* Begin PBXVariantGroup section */
		68FFCF4F1A01695D00C894F4 /* Main.storyboard */ = {
			isa = PBXVariantGroup;
			children = (
				68FFCF501A01695D00C894F4 /* Base */,
			);
			name = Main.storyboard;
			sourceTree = "<group>";
		};
		68FFCF541A01695D00C894F4 /* LaunchScreen.xib */ = {
			isa = PBXVariantGroup;
			children = (
				68FFCF551A01695D00C894F4 /* Base */,
			);
			name = LaunchScreen.xib;
			sourceTree = "<group>";
		};
/* End PBXVariantGroup section */

/* Begin XCBuildConfiguration section */
		68FFCF631A01695D00C894F4 /* Debug */ = {
			isa = XCBuildConfiguration;
			buildSettings = {
				ALWAYS_SEARCH_USER_PATHS = NO;
				CLANG_CXX_LANGUAGE_STANDARD = "gnu++0x";
				CLANG_CXX_LIBRARY = "libc++";
				CLANG_ENABLE_MODULES = YES;
				CLANG_ENABLE_OBJC_ARC = YES;
				CLANG_WARN_BOOL_CONVERSION = YES;
				CLANG_WARN_CONSTANT_CONVERSION = YES;
				CLANG_WARN_DIRECT_OBJC_ISA_USAGE = YES_ERROR;
				CLANG_WARN_EMPTY_BODY = YES;
				CLANG_WARN_ENUM_CONVERSION = YES;
				CLANG_WARN_INT_CONVERSION = YES;
				CLANG_WARN_OBJC_ROOT_CLASS = YES_ERROR;
				CLANG_WARN_UNREACHABLE_CODE = YES;
				CLANG_WARN__DUPLICATE_METHOD_MATCH = YES;
				"CODE_SIGN_IDENTITY[sdk=iphoneos*]" = "iPhone Developer";
				COPY_PHASE_STRIP = NO;
				ENABLE_STRICT_OBJC_MSGSEND = YES;
				GCC_C_LANGUAGE_STANDARD = gnu99;
				GCC_DYNAMIC_NO_PIC = NO;
				GCC_OPTIMIZATION_LEVEL = 0;
				GCC_PREPROCESSOR_DEFINITIONS = (
					"DEBUG=1",
					"$(inherited)",
				);
				GCC_SYMBOLS_PRIVATE_EXTERN = NO;
				GCC_WARN_64_TO_32_BIT_CONVERSION = YES;
				GCC_WARN_ABOUT_RETURN_TYPE = YES_ERROR;
				GCC_WARN_UNDECLARED_SELECTOR = YES;
				GCC_WARN_UNINITIALIZED_AUTOS = YES_AGGRESSIVE;
				GCC_WARN_UNUSED_FUNCTION = YES;
				GCC_WARN_UNUSED_VARIABLE = YES;
				IPHONEOS_DEPLOYMENT_TARGET = 8.1;
				MTL_ENABLE_DEBUG_INFO = YES;
				ONLY_ACTIVE_ARCH = YES;
				SDKROOT = iphoneos;
			};
			name = Debug;
		};
		68FFCF641A01695E00C894F4 /* Release */ = {
			isa = XCBuildConfiguration;
			buildSettings = {
				ALWAYS_SEARCH_USER_PATHS = NO;
				CLANG_CXX_LANGUAGE_STANDARD = "gnu++0x";
				CLANG_CXX_LIBRARY = "libc++";
				CLANG_ENABLE_MODULES = YES;
				CLANG_ENABLE_OBJC_ARC = YES;
				CLANG_WARN_BOOL_CONVERSION = YES;
				CLANG_WARN_CONSTANT_CONVERSION = YES;
				CLANG_WARN_DIRECT_OBJC_ISA_USAGE = YES_ERROR;
				CLANG_WARN_EMPTY_BODY = YES;
				CLANG_WARN_ENUM_CONVERSION = YES;
				CLANG_WARN_INT_CONVERSION = YES;
				CLANG_WARN_OBJC_ROOT_CLASS = YES_ERROR;
				CLANG_WARN_UNREACHABLE_CODE = YES;
				CLANG_WARN__DUPLICATE_METHOD_MATCH = YES;
				"CODE_SIGN_IDENTITY[sdk=iphoneos*]" = "iPhone Developer";
				COPY_PHASE_STRIP = YES;
				ENABLE_NS_ASSERTIONS = NO;
				ENABLE_STRICT_OBJC_MSGSEND = YES;
				GCC_C_LANGUAGE_STANDARD = gnu99;
				GCC_WARN_64_TO_32_BIT_CONVERSION = YES;
				GCC_WARN_ABOUT_RETURN_TYPE = YES_ERROR;
				GCC_WARN_UNDECLARED_SELECTOR = YES;
				GCC_WARN_UNINITIALIZED_AUTOS = YES_AGGRESSIVE;
				GCC_WARN_UNUSED_FUNCTION = YES;
				GCC_WARN_UNUSED_VARIABLE = YES;
				IPHONEOS_DEPLOYMENT_TARGET = 8.1;
				MTL_ENABLE_DEBUG_INFO = NO;
				SDKROOT = iphoneos;
				VALIDATE_PRODUCT = YES;
			};
			name = Release;
		};
		68FFCF661A01695E00C894F4 /* Debug */ = {
			isa = XCBuildConfiguration;
			buildSettings = {
				ASSETCATALOG_COMPILER_APPICON_NAME = AppIcon;
				ASSETCATALOG_COMPILER_LAUNCHIMAGE_NAME = LaunchImage;
				CODE_SIGN_IDENTITY = "iPhone Developer";
				INFOPLIST_FILE = "Swimmy Fish/Info.plist";
				IPHONEOS_DEPLOYMENT_TARGET = 7.0;
				LD_RUNPATH_SEARCH_PATHS = "$(inherited) @executable_path/Frameworks";
				PRODUCT_NAME = "$(TARGET_NAME)";
			};
			name = Debug;
		};
		68FFCF671A01695E00C894F4 /* Release */ = {
			isa = XCBuildConfiguration;
			buildSettings = {
				ASSETCATALOG_COMPILER_APPICON_NAME = AppIcon;
				ASSETCATALOG_COMPILER_LAUNCHIMAGE_NAME = LaunchImage;
				CODE_SIGN_IDENTITY = "iPhone Developer";
				INFOPLIST_FILE = "Swimmy Fish/Info.plist";
				IPHONEOS_DEPLOYMENT_TARGET = 7.0;
				LD_RUNPATH_SEARCH_PATHS = "$(inherited) @executable_path/Frameworks";
				PRODUCT_NAME = "$(TARGET_NAME)";
			};
			name = Release;
		};
		68FFCF691A01695E00C894F4 /* Debug */ = {
			isa = XCBuildConfiguration;
			buildSettings = {
				BUNDLE_LOADER = "$(TEST_HOST)";
				FRAMEWORK_SEARCH_PATHS = (
					"$(SDKROOT)/Developer/Library/Frameworks",
					"$(inherited)",
				);
				GCC_PREPROCESSOR_DEFINITIONS = (
					"DEBUG=1",
					"$(inherited)",
				);
				INFOPLIST_FILE = "Swimmy FishTests/Info.plist";
				LD_RUNPATH_SEARCH_PATHS = "$(inherited) @executable_path/Frameworks @loader_path/Frameworks";
				PRODUCT_NAME = "$(TARGET_NAME)";
				TEST_HOST = "$(BUILT_PRODUCTS_DIR)/Swimmy Fish.app/Swimmy Fish";
			};
			name = Debug;
		};
		68FFCF6A1A01695E00C894F4 /* Release */ = {
			isa = XCBuildConfiguration;
			buildSettings = {
				BUNDLE_LOADER = "$(TEST_HOST)";
				FRAMEWORK_SEARCH_PATHS = (
					"$(SDKROOT)/Developer/Library/Frameworks",
					"$(inherited)",
				);
				INFOPLIST_FILE = "Swimmy FishTests/Info.plist";
				LD_RUNPATH_SEARCH_PATHS = "$(inherited) @executable_path/Frameworks @loader_path/Frameworks";
				PRODUCT_NAME = "$(TARGET_NAME)";
				TEST_HOST = "$(BUILT_PRODUCTS_DIR)/Swimmy Fish.app/Swimmy Fish";
			};
			name = Release;
		};
/* End XCBuildConfiguration section */

/* Begin XCConfigurationList section */
		68FFCF381A01695D00C894F4 /* Build configuration list for PBXProject "Swimmy Fish" */ = {
			isa = XCConfigurationList;
			buildConfigurations = (
				68FFCF631A01695D00C894F4 /* Debug */,
				68FFCF641A01695E00C894F4 /* Release */,
			);
			defaultConfigurationIsVisible = 0;
			defaultConfigurationName = Release;
		};
		68FFCF651A01695E00C894F4 /* Build configuration list for PBXNativeTarget "Swimmy Fish" */ = {
			isa = XCConfigurationList;
			buildConfigurations = (
				68FFCF661A01695E00C894F4 /* Debug */,
				68FFCF671A01695E00C894F4 /* Release */,
			);
			defaultConfigurationIsVisible = 0;
			defaultConfigurationName = Release;
		};
		68FFCF681A01695E00C894F4 /* Build configuration list for PBXNativeTarget "Swimmy FishTests" */ = {
			isa = XCConfigurationList;
			buildConfigurations = (
				68FFCF691A01695E00C894F4 /* Debug */,
				68FFCF6A1A01695E00C894F4 /* Release */,
			);
			defaultConfigurationIsVisible = 0;
			defaultConfigurationName = Release;
		};
/* End XCConfigurationList section */
	};
	rootObject = 68FFCF351A01695D00C894F4 /* Project object */;
}
